
Microsoft Visual Studio Solution File, Format Version 12.00
# Visual Studio Version 17
VisualStudioVersion = 17.3.32929.385
MinimumVisualStudioVersion = 10.0.40219.1
Project("{9A19103F-16F7-4668-BE54-9A1E7A4F7556}") = "DefinenterfaceIPerson", "DefinenterfaceIPerson\DefinenterfaceIPerson.csproj", "{0190A8D9-E6AB-449A-9C61-AC0A3285C6FE}"
EndProject
Project("{9A19103F-16F7-4668-BE54-9A1E7A4F7556}") = "Telephony", "Telephony\Telephony.csproj", "{E17D9A5A-73DC-4A7B-A2CA-4F68E08E0FB8}"
EndProject
Project("{FAE04EC0-301F-11D3-BF4B-00C04F79EFBC}") = "BorderControl", "BorderControl\BorderControl.csproj", "{2A5E3DF8-2BBD-4B09-BB5B-7C6DC857AFAD}"
EndProject
Project("{FAE04EC0-301F-11D3-BF4B-00C04F79EFBC}") = "BirthdayCelebrations", "BirthdayCelebrations\BirthdayCelebrations.csproj", "{8DCD1ACA-C9D0-4655-8B21-D5857E330803}"
EndProject
Global
	GlobalSection(SolutionConfigurationPlatforms) = preSolution
		Debug|Any CPU = Debug|Any CPU
		Release|Any CPU = Release|Any CPU
	EndGlobalSection
	GlobalSection(ProjectConfigurationPlatforms) = postSolution
		{0190A8D9-E6AB-449A-9C61-AC0A3285C6FE}.Debug|Any CPU.ActiveCfg = Debug|Any CPU
		{0190A8D9-E6AB-449A-9C61-AC0A3285C6FE}.Debug|Any CPU.Build.0 = Debug|Any CPU
		{0190A8D9-E6AB-449A-9C61-AC0A3285C6FE}.Release|Any CPU.ActiveCfg = Release|Any CPU
		{0190A8D9-E6AB-449A-9C61-AC0A3285C6FE}.Release|Any CPU.Build.0 = Release|Any CPU
		{E17D9A5A-73DC-4A7B-A2CA-4F68E08E0FB8}.Debug|Any CPU.ActiveCfg = Debug|Any CPU
		{E17D9A5A-73DC-4A7B-A2CA-4F68E08E0FB8}.Debug|Any CPU.Build.0 = Debug|Any CPU
		{E17D9A5A-73DC-4A7B-A2CA-4F68E08E0FB8}.Release|Any CPU.ActiveCfg = Release|Any CPU
		{E17D9A5A-73DC-4A7B-A2CA-4F68E08E0FB8}.Release|Any CPU.Build.0 = Release|Any CPU
		{2A5E3DF8-2BBD-4B09-BB5B-7C6DC857AFAD}.Debug|Any CPU.ActiveCfg = Debug|Any CPU
		{2A5E3DF8-2BBD-4B09-BB5B-7C6DC857AFAD}.Debug|Any CPU.Build.0 = Debug|Any CPU
		{2A5E3DF8-2BBD-4B09-BB5B-7C6DC857AFAD}.Release|Any CPU.ActiveCfg = Release|Any CPU
		{2A5E3DF8-2BBD-4B09-BB5B-7C6DC857AFAD}.Release|Any CPU.Build.0 = Release|Any CPU
		{8DCD1ACA-C9D0-4655-8B21-D5857E330803}.Debug|Any CPU.ActiveCfg = Debug|Any CPU
		{8DCD1ACA-C9D0-4655-8B21-D5857E330803}.Debug|Any CPU.Build.0 = Debug|Any CPU
		{8DCD1ACA-C9D0-4655-8B21-D5857E330803}.Release|Any CPU.ActiveCfg = Release|Any CPU
		{8DCD1ACA-C9D0-4655-8B21-D5857E330803}.Release|Any CPU.Build.0 = Release|Any CPU
	EndGlobalSection
	GlobalSection(SolutionProperties) = preSolution
		HideSolutionNode = FALSE
	EndGlobalSection
	GlobalSection(ExtensibilityGlobals) = postSolution
		SolutionGuid = {7451109F-F28C-49D9-8E27-C76E13D01B1A}
	EndGlobalSection
EndGlobal
